
Microsoft Visual Studio Solution File, Format Version 12.00
# Visual Studio Version 17
VisualStudioVersion = 17.7.34018.315
MinimumVisualStudioVersion = 10.0.40219.1
Project("{9A19103F-16F7-4668-BE54-9A1E7A4F7556}") = "NamingRule", "NamingRule.csproj", "{03DE8DA1-10EF-44AF-848C-DBBC37B0035F}"
EndProject
Global
	GlobalSection(SolutionConfigurationPlatforms) = preSolution
		Debug|Any CPU = Debug|Any CPU
		Release|Any CPU = Release|Any CPU
	EndGlobalSection
	GlobalSection(ProjectConfigurationPlatforms) = postSolution
		{03DE8DA1-10EF-44AF-848C-DBBC37B0035F}.Debug|Any CPU.ActiveCfg = Debug|Any CPU
		{03DE8DA1-10EF-44AF-848C-DBBC37B0035F}.Debug|Any CPU.Build.0 = Debug|Any CPU
		{03DE8DA1-10EF-44AF-848C-DBBC37B0035F}.Release|Any CPU.ActiveCfg = Release|Any CPU
		{03DE8DA1-10EF-44AF-848C-DBBC37B0035F}.Release|Any CPU.Build.0 = Release|Any CPU
	EndGlobalSection
	GlobalSection(SolutionProperties) = preSolution
		HideSolutionNode = FALSE
	EndGlobalSection
	GlobalSection(ExtensibilityGlobals) = postSolution
		SolutionGuid = {D68CD900-F9A3-4B7E-9667-C867FED43FEF}
	EndGlobalSection
EndGlobal
